
Microsoft Visual Studio Solution File, Format Version 12.00
Project("{FAE04EC0-301F-11D3-BF4B-00C04F79EFBC}") = "Domain", "Domain\Domain.csproj", "{E001FB52-10CC-41D9-BA26-7DEBA419C442}"
EndProject
Project("{FAE04EC0-301F-11D3-BF4B-00C04F79EFBC}") = "Infrastructure", "Infrastructure\Infrastructure.csproj", "{EEB9F939-42A8-4419-97CD-55EC551BC580}"
EndProject
Project("{FAE04EC0-301F-11D3-BF4B-00C04F79EFBC}") = "Web", "Web\Web.csproj", "{D95BDB74-FFE1-41E2-B009-F306203BD0D8}"
EndProject
Project("{FAE04EC0-301F-11D3-BF4B-00C04F79EFBC}") = "Application", "Application\Application.csproj", "{19E56D55-A476-4CCA-9F51-BEE55AA11330}"
EndProject
Project("{2150E333-8FDC-42A3-9474-1A3956D46DE8}") = "SolutionItems", "SolutionItems", "{71E88A05-A2B6-4E79-A732-DB8BB8DAB1C9}"
	ProjectSection(SolutionItems) = preProject
		..\..\..\..\Downloads\docker-compose.yaml = ..\..\..\..\Downloads\docker-compose.yaml
	EndProjectSection
EndProject
Global
	GlobalSection(SolutionConfigurationPlatforms) = preSolution
		Debug|Any CPU = Debug|Any CPU
		Release|Any CPU = Release|Any CPU
	EndGlobalSection
	GlobalSection(ProjectConfigurationPlatforms) = postSolution
		{E001FB52-10CC-41D9-BA26-7DEBA419C442}.Debug|Any CPU.ActiveCfg = Debug|Any CPU
		{E001FB52-10CC-41D9-BA26-7DEBA419C442}.Debug|Any CPU.Build.0 = Debug|Any CPU
		{E001FB52-10CC-41D9-BA26-7DEBA419C442}.Release|Any CPU.ActiveCfg = Release|Any CPU
		{E001FB52-10CC-41D9-BA26-7DEBA419C442}.Release|Any CPU.Build.0 = Release|Any CPU
		{EEB9F939-42A8-4419-97CD-55EC551BC580}.Debug|Any CPU.ActiveCfg = Debug|Any CPU
		{EEB9F939-42A8-4419-97CD-55EC551BC580}.Debug|Any CPU.Build.0 = Debug|Any CPU
		{EEB9F939-42A8-4419-97CD-55EC551BC580}.Release|Any CPU.ActiveCfg = Release|Any CPU
		{EEB9F939-42A8-4419-97CD-55EC551BC580}.Release|Any CPU.Build.0 = Release|Any CPU
		{D95BDB74-FFE1-41E2-B009-F306203BD0D8}.Debug|Any CPU.ActiveCfg = Debug|Any CPU
		{D95BDB74-FFE1-41E2-B009-F306203BD0D8}.Debug|Any CPU.Build.0 = Debug|Any CPU
		{D95BDB74-FFE1-41E2-B009-F306203BD0D8}.Release|Any CPU.ActiveCfg = Release|Any CPU
		{D95BDB74-FFE1-41E2-B009-F306203BD0D8}.Release|Any CPU.Build.0 = Release|Any CPU
		{19E56D55-A476-4CCA-9F51-BEE55AA11330}.Debug|Any CPU.ActiveCfg = Debug|Any CPU
		{19E56D55-A476-4CCA-9F51-BEE55AA11330}.Debug|Any CPU.Build.0 = Debug|Any CPU
		{19E56D55-A476-4CCA-9F51-BEE55AA11330}.Release|Any CPU.ActiveCfg = Release|Any CPU
		{19E56D55-A476-4CCA-9F51-BEE55AA11330}.Release|Any CPU.Build.0 = Release|Any CPU
	EndGlobalSection
	GlobalSection(NestedProjects) = preSolution
	EndGlobalSection
EndGlobal
